
Microsoft Visual Studio Solution File, Format Version 12.00
# Visual Studio Version 16
VisualStudioVersion = 16.0.30011.22
MinimumVisualStudioVersion = 10.0.40219.1
Project("{FAE04EC0-301F-11D3-BF4B-00C04F79EFBC}") = "Gitproject", "Gitproject\Gitproject.csproj", "{C06E1E2A-B26F-4DEA-A910-47EFC5FE66EA}"
EndProject
Global
	GlobalSection(SolutionConfigurationPlatforms) = preSolution
		Debug|Any CPU = Debug|Any CPU
		Release|Any CPU = Release|Any CPU
	EndGlobalSection
	GlobalSection(ProjectConfigurationPlatforms) = postSolution
		{C06E1E2A-B26F-4DEA-A910-47EFC5FE66EA}.Debug|Any CPU.ActiveCfg = Debug|Any CPU
		{C06E1E2A-B26F-4DEA-A910-47EFC5FE66EA}.Debug|Any CPU.Build.0 = Debug|Any CPU
		{C06E1E2A-B26F-4DEA-A910-47EFC5FE66EA}.Release|Any CPU.ActiveCfg = Release|Any CPU
		{C06E1E2A-B26F-4DEA-A910-47EFC5FE66EA}.Release|Any CPU.Build.0 = Release|Any CPU
	EndGlobalSection
	GlobalSection(SolutionProperties) = preSolution
		HideSolutionNode = FALSE
	EndGlobalSection
	GlobalSection(ExtensibilityGlobals) = postSolution
		SolutionGuid = {9502EE7F-FC6D-42F9-AD66-7378DA257528}
	EndGlobalSection
EndGlobal
